// !$*UTF8*$!
{
	archiveVersion = 1;
	classes = {
	};
	objectVersion = 56;
	objects = {

/* Begin PBXBuildFile section */
		84350B6F2D0B9BED00BBFF76 /* TipsView.swift in Sources */ = {isa = PBXBuildFile; fileRef = 84350B6E2D0B9BED00BBFF76 /* TipsView.swift */; };
		84350B722D0BAA8200BBFF76 /* WelcomeView.swift in Sources */ = {isa = PBXBuildFile; fileRef = 84350B712D0BAA8200BBFF76 /* WelcomeView.swift */; };
		846AB18F2D09F8E5007DFC25 /* Colors.swift in Sources */ = {isa = PBXBuildFile; fileRef = 846AB18E2D09F8E5007DFC25 /* Colors.swift */; };
		846AB1962D0A0EBA007DFC25 /* SplashViewController.swift in Sources */ = {isa = PBXBuildFile; fileRef = 846AB1952D0A0EBA007DFC25 /* SplashViewController.swift */; };
		846AB1982D0A0F0B007DFC25 /* SplashView.swift in Sources */ = {isa = PBXBuildFile; fileRef = 846AB1972D0A0F0B007DFC25 /* SplashView.swift */; };
		84945D812D0CB04E009F0808 /* Typography.swift in Sources */ = {isa = PBXBuildFile; fileRef = 84945D802D0CB04E009F0808 /* Typography.swift */; };
		84945D842D0CB769009F0808 /* HomeView.swift in Sources */ = {isa = PBXBuildFile; fileRef = 84945D832D0CB769009F0808 /* HomeView.swift */; };
		84945D862D0CB785009F0808 /* HomeViewController.swift in Sources */ = {isa = PBXBuildFile; fileRef = 84945D852D0CB785009F0808 /* HomeViewController.swift */; };
		84945D892D0CB7D2009F0808 /* PlaceTableViewCell.swift in Sources */ = {isa = PBXBuildFile; fileRef = 84945D882D0CB7D2009F0808 /* PlaceTableViewCell.swift */; };
		84945D8C2D0CBC34009F0808 /* Place.swift in Sources */ = {isa = PBXBuildFile; fileRef = 84945D8B2D0CBC34009F0808 /* Place.swift */; };
		84945D8E2D0CC5C8009F0808 /* Category.swift in Sources */ = {isa = PBXBuildFile; fileRef = 84945D8D2D0CC5C8009F0808 /* Category.swift */; };
		84945D912D0CC609009F0808 /* HomeViewModel.swift in Sources */ = {isa = PBXBuildFile; fileRef = 84945D902D0CC609009F0808 /* HomeViewModel.swift */; };
		84945D932D0CD057009F0808 /* PlaceAnnotation.swift in Sources */ = {isa = PBXBuildFile; fileRef = 84945D922D0CD057009F0808 /* PlaceAnnotation.swift */; };
		84945D952D0DE76E009F0808 /* UIButton+EXT.swift in Sources */ = {isa = PBXBuildFile; fileRef = 84945D942D0DE76E009F0808 /* UIButton+EXT.swift */; };
		84945D992D0E3B74009F0808 /* Assets.xcassets in Resources */ = {isa = PBXBuildFile; fileRef = 84945D982D0E3B73009F0808 /* Assets.xcassets */; };
		84945D9C2D0E4166009F0808 /* DetailViewController.swift in Sources */ = {isa = PBXBuildFile; fileRef = 84945D9B2D0E4165009F0808 /* DetailViewController.swift */; };
		84945D9E2D0E51A6009F0808 /* WelcomeFlowDelegate.swift in Sources */ = {isa = PBXBuildFile; fileRef = 84945D9D2D0E51A6009F0808 /* WelcomeFlowDelegate.swift */; };
		849AB7552D08CBAB0015BA3E /* AppDelegate.swift in Sources */ = {isa = PBXBuildFile; fileRef = 849AB7542D08CBAB0015BA3E /* AppDelegate.swift */; };
		849AB7572D08CBAB0015BA3E /* SceneDelegate.swift in Sources */ = {isa = PBXBuildFile; fileRef = 849AB7562D08CBAB0015BA3E /* SceneDelegate.swift */; };
		849AB7592D08CBAB0015BA3E /* ViewController.swift in Sources */ = {isa = PBXBuildFile; fileRef = 849AB7582D08CBAB0015BA3E /* ViewController.swift */; };
		84CDFAC32D0BCDD200E8C8DC /* WelcomeViewController.swift in Sources */ = {isa = PBXBuildFile; fileRef = 84CDFAC22D0BCDD100E8C8DC /* WelcomeViewController.swift */; };
		84CDFAC62D0C96DF00E8C8DC /* UIViewController+Ext.swift in Sources */ = {isa = PBXBuildFile; fileRef = 84CDFAC52D0C96DF00E8C8DC /* UIViewController+Ext.swift */; };
		84CDFAC82D0C989600E8C8DC /* SplashFlowDelegate.swift in Sources */ = {isa = PBXBuildFile; fileRef = 84CDFAC72D0C989600E8C8DC /* SplashFlowDelegate.swift */; };
		84E2543F2D0A1AC80027ED81 /* NearbyFlowControllerr.swift in Sources */ = {isa = PBXBuildFile; fileRef = 84E2543E2D0A1AC80027ED81 /* NearbyFlowControllerr.swift */; };
/* End PBXBuildFile section */

/* Begin PBXFileReference section */
		84350B6E2D0B9BED00BBFF76 /* TipsView.swift */ = {isa = PBXFileReference; lastKnownFileType = sourcecode.swift; path = TipsView.swift; sourceTree = "<group>"; };
		84350B712D0BAA8200BBFF76 /* WelcomeView.swift */ = {isa = PBXFileReference; lastKnownFileType = sourcecode.swift; path = WelcomeView.swift; sourceTree = "<group>"; };
		846AB18E2D09F8E5007DFC25 /* Colors.swift */ = {isa = PBXFileReference; lastKnownFileType = sourcecode.swift; path = Colors.swift; sourceTree = "<group>"; };
		846AB1952D0A0EBA007DFC25 /* SplashViewController.swift */ = {isa = PBXFileReference; lastKnownFileType = sourcecode.swift; path = SplashViewController.swift; sourceTree = "<group>"; };
		846AB1972D0A0F0B007DFC25 /* SplashView.swift */ = {isa = PBXFileReference; lastKnownFileType = sourcecode.swift; path = SplashView.swift; sourceTree = "<group>"; };
		84945D802D0CB04E009F0808 /* Typography.swift */ = {isa = PBXFileReference; lastKnownFileType = sourcecode.swift; path = Typography.swift; sourceTree = "<group>"; };
		84945D832D0CB769009F0808 /* HomeView.swift */ = {isa = PBXFileReference; lastKnownFileType = sourcecode.swift; path = HomeView.swift; sourceTree = "<group>"; };
		84945D852D0CB785009F0808 /* HomeViewController.swift */ = {isa = PBXFileReference; lastKnownFileType = sourcecode.swift; path = HomeViewController.swift; sourceTree = "<group>"; };
		84945D882D0CB7D2009F0808 /* PlaceTableViewCell.swift */ = {isa = PBXFileReference; lastKnownFileType = sourcecode.swift; path = PlaceTableViewCell.swift; sourceTree = "<group>"; };
		84945D8B2D0CBC34009F0808 /* Place.swift */ = {isa = PBXFileReference; lastKnownFileType = sourcecode.swift; path = Place.swift; sourceTree = "<group>"; };
		84945D8D2D0CC5C8009F0808 /* Category.swift */ = {isa = PBXFileReference; lastKnownFileType = sourcecode.swift; path = Category.swift; sourceTree = "<group>"; };
		84945D902D0CC609009F0808 /* HomeViewModel.swift */ = {isa = PBXFileReference; lastKnownFileType = sourcecode.swift; path = HomeViewModel.swift; sourceTree = "<group>"; };
		84945D922D0CD057009F0808 /* PlaceAnnotation.swift */ = {isa = PBXFileReference; lastKnownFileType = sourcecode.swift; path = PlaceAnnotation.swift; sourceTree = "<group>"; };
		84945D942D0DE76E009F0808 /* UIButton+EXT.swift */ = {isa = PBXFileReference; lastKnownFileType = sourcecode.swift; path = "UIButton+EXT.swift"; sourceTree = "<group>"; };
		84945D982D0E3B73009F0808 /* Assets.xcassets */ = {isa = PBXFileReference; lastKnownFileType = folder.assetcatalog; name = Assets.xcassets; path = ../../../Downloads/Resource/Assets.xcassets; sourceTree = "<group>"; };
		84945D9B2D0E4165009F0808 /* DetailViewController.swift */ = {isa = PBXFileReference; lastKnownFileType = sourcecode.swift; path = DetailViewController.swift; sourceTree = "<group>"; };
		84945D9D2D0E51A6009F0808 /* WelcomeFlowDelegate.swift */ = {isa = PBXFileReference; lastKnownFileType = sourcecode.swift; path = WelcomeFlowDelegate.swift; sourceTree = "<group>"; };
		849AB7512D08CBAB0015BA3E /* App rocketseat.app */ = {isa = PBXFileReference; explicitFileType = wrapper.application; includeInIndex = 0; path = "App rocketseat.app"; sourceTree = BUILT_PRODUCTS_DIR; };
		849AB7542D08CBAB0015BA3E /* AppDelegate.swift */ = {isa = PBXFileReference; lastKnownFileType = sourcecode.swift; path = AppDelegate.swift; sourceTree = "<group>"; };
		849AB7562D08CBAB0015BA3E /* SceneDelegate.swift */ = {isa = PBXFileReference; lastKnownFileType = sourcecode.swift; path = SceneDelegate.swift; sourceTree = "<group>"; };
		849AB7582D08CBAB0015BA3E /* ViewController.swift */ = {isa = PBXFileReference; lastKnownFileType = sourcecode.swift; path = ViewController.swift; sourceTree = "<group>"; };
		849AB7622D08CBAF0015BA3E /* Info.plist */ = {isa = PBXFileReference; lastKnownFileType = text.plist.xml; path = Info.plist; sourceTree = "<group>"; };
		84CDFAC22D0BCDD100E8C8DC /* WelcomeViewController.swift */ = {isa = PBXFileReference; lastKnownFileType = sourcecode.swift; path = WelcomeViewController.swift; sourceTree = "<group>"; };
		84CDFAC52D0C96DF00E8C8DC /* UIViewController+Ext.swift */ = {isa = PBXFileReference; lastKnownFileType = sourcecode.swift; path = "UIViewController+Ext.swift"; sourceTree = "<group>"; };
		84CDFAC72D0C989600E8C8DC /* SplashFlowDelegate.swift */ = {isa = PBXFileReference; lastKnownFileType = sourcecode.swift; path = SplashFlowDelegate.swift; sourceTree = "<group>"; };
		84E2543E2D0A1AC80027ED81 /* NearbyFlowControllerr.swift */ = {isa = PBXFileReference; lastKnownFileType = sourcecode.swift; path = NearbyFlowControllerr.swift; sourceTree = "<group>"; };
/* End PBXFileReference section */

/* Begin PBXFrameworksBuildPhase section */
		849AB74E2D08CBAB0015BA3E /* Frameworks */ = {
			isa = PBXFrameworksBuildPhase;
			buildActionMask = 2147483647;
			files = (
			);
			runOnlyForDeploymentPostprocessing = 0;
		};
/* End PBXFrameworksBuildPhase section */

/* Begin PBXGroup section */
		84350B6D2D0B9BDF00BBFF76 /* Components */ = {
			isa = PBXGroup;
			children = (
				84350B6E2D0B9BED00BBFF76 /* TipsView.swift */,
			);
			path = Components;
			sourceTree = "<group>";
		};
		84350B702D0BAA6400BBFF76 /* WelcomeView */ = {
			isa = PBXGroup;
			children = (
				84350B712D0BAA8200BBFF76 /* WelcomeView.swift */,
				84CDFAC22D0BCDD100E8C8DC /* WelcomeViewController.swift */,
				84945D9D2D0E51A6009F0808 /* WelcomeFlowDelegate.swift */,
			);
			path = WelcomeView;
			sourceTree = "<group>";
		};
		84350B732D0BAAF200BBFF76 /* Splash */ = {
			isa = PBXGroup;
			children = (
				846AB1972D0A0F0B007DFC25 /* SplashView.swift */,
				846AB1952D0A0EBA007DFC25 /* SplashViewController.swift */,
				84CDFAC72D0C989600E8C8DC /* SplashFlowDelegate.swift */,
			);
			path = Splash;
			sourceTree = "<group>";
		};
		846AB18C2D09F7B7007DFC25 /* Sources */ = {
			isa = PBXGroup;
			children = (
				846AB18D2D09F7FB007DFC25 /* Constants */,
			);
			path = Sources;
			sourceTree = "<group>";
		};
		846AB18D2D09F7FB007DFC25 /* Constants */ = {
			isa = PBXGroup;
			children = (
				846AB18E2D09F8E5007DFC25 /* Colors.swift */,
				84945D802D0CB04E009F0808 /* Typography.swift */,
			);
			path = Constants;
			sourceTree = "<group>";
		};
		846AB1902D0A0B76007DFC25 /* Coordinator */ = {
			isa = PBXGroup;
			children = (
				84E2543E2D0A1AC80027ED81 /* NearbyFlowControllerr.swift */,
			);
			path = Coordinator;
			sourceTree = "<group>";
		};
		846AB1912D0A0E04007DFC25 /* Features */ = {
			isa = PBXGroup;
			children = (
				84945D8A2D0CBC17009F0808 /* Models */,
				84CDFAC42D0C96CC00E8C8DC /* Extensions */,
				84350B6D2D0B9BDF00BBFF76 /* Components */,
				846AB1922D0A0E17007DFC25 /* Scenes */,
				846AB1902D0A0B76007DFC25 /* Coordinator */,
			);
			path = Features;
			sourceTree = "<group>";
		};
		846AB1922D0A0E17007DFC25 /* Scenes */ = {
			isa = PBXGroup;
			children = (
				84945D9A2D0E413E009F0808 /* DetailView */,
				84945D822D0CB758009F0808 /* HomeView */,
				84350B702D0BAA6400BBFF76 /* WelcomeView */,
				84350B732D0BAAF200BBFF76 /* Splash */,
			);
			path = Scenes;
			sourceTree = "<group>";
		};
		84945D822D0CB758009F0808 /* HomeView */ = {
			isa = PBXGroup;
			children = (
				84945D8F2D0CC5F5009F0808 /* ViewModel */,
				84945D872D0CB7B9009F0808 /* TableViewCell */,
				84945D832D0CB769009F0808 /* HomeView.swift */,
				84945D852D0CB785009F0808 /* HomeViewController.swift */,
			);
			path = HomeView;
			sourceTree = "<group>";
		};
		84945D872D0CB7B9009F0808 /* TableViewCell */ = {
			isa = PBXGroup;
			children = (
				84945D882D0CB7D2009F0808 /* PlaceTableViewCell.swift */,
			);
			path = TableViewCell;
			sourceTree = "<group>";
		};
		84945D8A2D0CBC17009F0808 /* Models */ = {
			isa = PBXGroup;
			children = (
				84945D8B2D0CBC34009F0808 /* Place.swift */,
				84945D8D2D0CC5C8009F0808 /* Category.swift */,
				84945D922D0CD057009F0808 /* PlaceAnnotation.swift */,
			);
			path = Models;
			sourceTree = "<group>";
		};
		84945D8F2D0CC5F5009F0808 /* ViewModel */ = {
			isa = PBXGroup;
			children = (
				84945D902D0CC609009F0808 /* HomeViewModel.swift */,
			);
			path = ViewModel;
			sourceTree = "<group>";
		};
		84945D9A2D0E413E009F0808 /* DetailView */ = {
			isa = PBXGroup;
			children = (
				84945D9B2D0E4165009F0808 /* DetailViewController.swift */,
			);
			path = DetailView;
			sourceTree = "<group>";
		};
		849AB7482D08CBAB0015BA3E = {
			isa = PBXGroup;
			children = (
				849AB7532D08CBAB0015BA3E /* App rocketseat */,
				849AB7522D08CBAB0015BA3E /* Products */,
			);
			sourceTree = "<group>";
		};
		849AB7522D08CBAB0015BA3E /* Products */ = {
			isa = PBXGroup;
			children = (
				849AB7512D08CBAB0015BA3E /* App rocketseat.app */,
			);
			name = Products;
			sourceTree = "<group>";
		};
		849AB7532D08CBAB0015BA3E /* App rocketseat */ = {
			isa = PBXGroup;
			children = (
				84945D982D0E3B73009F0808 /* Assets.xcassets */,
				849AB7622D08CBAF0015BA3E /* Info.plist */,
				849AB7542D08CBAB0015BA3E /* AppDelegate.swift */,
				849AB7562D08CBAB0015BA3E /* SceneDelegate.swift */,
				849AB7582D08CBAB0015BA3E /* ViewController.swift */,
				846AB1912D0A0E04007DFC25 /* Features */,
				846AB18C2D09F7B7007DFC25 /* Sources */,
			);
			path = "App rocketseat";
			sourceTree = "<group>";
		};
		84CDFAC42D0C96CC00E8C8DC /* Extensions */ = {
			isa = PBXGroup;
			children = (
				84CDFAC52D0C96DF00E8C8DC /* UIViewController+Ext.swift */,
				84945D942D0DE76E009F0808 /* UIButton+EXT.swift */,
			);
			path = Extensions;
			sourceTree = "<group>";
		};
/* End PBXGroup section */

/* Begin PBXNativeTarget section */
		849AB7502D08CBAB0015BA3E /* App rocketseat */ = {
			isa = PBXNativeTarget;
			buildConfigurationList = 849AB7652D08CBAF0015BA3E /* Build configuration list for PBXNativeTarget "App rocketseat" */;
			buildPhases = (
				849AB74D2D08CBAB0015BA3E /* Sources */,
				849AB74E2D08CBAB0015BA3E /* Frameworks */,
				849AB74F2D08CBAB0015BA3E /* Resources */,
			);
			buildRules = (
			);
			dependencies = (
			);
			name = "App rocketseat";
			productName = "App rocketseat";
			productReference = 849AB7512D08CBAB0015BA3E /* App rocketseat.app */;
			productType = "com.apple.product-type.application";
		};
/* End PBXNativeTarget section */

/* Begin PBXProject section */
		849AB7492D08CBAB0015BA3E /* Project object */ = {
			isa = PBXProject;
			attributes = {
				BuildIndependentTargetsInParallel = 1;
				LastSwiftUpdateCheck = 1410;
				LastUpgradeCheck = 1410;
				TargetAttributes = {
					849AB7502D08CBAB0015BA3E = {
						CreatedOnToolsVersion = 14.1;
					};
				};
			};
			buildConfigurationList = 849AB74C2D08CBAB0015BA3E /* Build configuration list for PBXProject "App rocketseat" */;
			compatibilityVersion = "Xcode 14.0";
			developmentRegion = en;
			hasScannedForEncodings = 0;
			knownRegions = (
				en,
				Base,
			);
			mainGroup = 849AB7482D08CBAB0015BA3E;
			productRefGroup = 849AB7522D08CBAB0015BA3E /* Products */;
			projectDirPath = "";
			projectRoot = "";
			targets = (
				849AB7502D08CBAB0015BA3E /* App rocketseat */,
			);
		};
/* End PBXProject section */

/* Begin PBXResourcesBuildPhase section */
		849AB74F2D08CBAB0015BA3E /* Resources */ = {
			isa = PBXResourcesBuildPhase;
			buildActionMask = 2147483647;
			files = (
				84945D992D0E3B74009F0808 /* Assets.xcassets in Resources */,
			);
			runOnlyForDeploymentPostprocessing = 0;
		};
/* End PBXResourcesBuildPhase section */

/* Begin PBXSourcesBuildPhase section */
		849AB74D2D08CBAB0015BA3E /* Sources */ = {
			isa = PBXSourcesBuildPhase;
			buildActionMask = 2147483647;
			files = (
				84945D912D0CC609009F0808 /* HomeViewModel.swift in Sources */,
				849AB7592D08CBAB0015BA3E /* ViewController.swift in Sources */,
				84945D842D0CB769009F0808 /* HomeView.swift in Sources */,
				84945D8C2D0CBC34009F0808 /* Place.swift in Sources */,
				846AB18F2D09F8E5007DFC25 /* Colors.swift in Sources */,
				84CDFAC62D0C96DF00E8C8DC /* UIViewController+Ext.swift in Sources */,
				84945D8E2D0CC5C8009F0808 /* Category.swift in Sources */,
				84CDFAC32D0BCDD200E8C8DC /* WelcomeViewController.swift in Sources */,
				84945D862D0CB785009F0808 /* HomeViewController.swift in Sources */,
				84CDFAC82D0C989600E8C8DC /* SplashFlowDelegate.swift in Sources */,
				846AB1962D0A0EBA007DFC25 /* SplashViewController.swift in Sources */,
				84945D9C2D0E4166009F0808 /* DetailViewController.swift in Sources */,
				849AB7552D08CBAB0015BA3E /* AppDelegate.swift in Sources */,
				84945D932D0CD057009F0808 /* PlaceAnnotation.swift in Sources */,
				84350B722D0BAA8200BBFF76 /* WelcomeView.swift in Sources */,
				84E2543F2D0A1AC80027ED81 /* NearbyFlowControllerr.swift in Sources */,
				84945D892D0CB7D2009F0808 /* PlaceTableViewCell.swift in Sources */,
				84350B6F2D0B9BED00BBFF76 /* TipsView.swift in Sources */,
				849AB7572D08CBAB0015BA3E /* SceneDelegate.swift in Sources */,
				84945D952D0DE76E009F0808 /* UIButton+EXT.swift in Sources */,
				84945D812D0CB04E009F0808 /* Typography.swift in Sources */,
				846AB1982D0A0F0B007DFC25 /* SplashView.swift in Sources */,
				84945D9E2D0E51A6009F0808 /* WelcomeFlowDelegate.swift in Sources */,
			);
			runOnlyForDeploymentPostprocessing = 0;
		};
/* End PBXSourcesBuildPhase section */

/* Begin XCBuildConfiguration section */
		849AB7632D08CBAF0015BA3E /* Debug */ = {
			isa = XCBuildConfiguration;
			buildSettings = {
				ALWAYS_SEARCH_USER_PATHS = NO;
				CLANG_ANALYZER_NONNULL = YES;
				CLANG_ANALYZER_NUMBER_OBJECT_CONVERSION = YES_AGGRESSIVE;
				CLANG_CXX_LANGUAGE_STANDARD = "gnu++20";
				CLANG_ENABLE_MODULES = YES;
				CLANG_ENABLE_OBJC_ARC = YES;
				CLANG_ENABLE_OBJC_WEAK = YES;
				CLANG_WARN_BLOCK_CAPTURE_AUTORELEASING = YES;
				CLANG_WARN_BOOL_CONVERSION = YES;
				CLANG_WARN_COMMA = YES;
				CLANG_WARN_CONSTANT_CONVERSION = YES;
				CLANG_WARN_DEPRECATED_OBJC_IMPLEMENTATIONS = YES;
				CLANG_WARN_DIRECT_OBJC_ISA_USAGE = YES_ERROR;
				CLANG_WARN_DOCUMENTATION_COMMENTS = YES;
				CLANG_WARN_EMPTY_BODY = YES;
				CLANG_WARN_ENUM_CONVERSION = YES;
				CLANG_WARN_INFINITE_RECURSION = YES;
				CLANG_WARN_INT_CONVERSION = YES;
				CLANG_WARN_NON_LITERAL_NULL_CONVERSION = YES;
				CLANG_WARN_OBJC_IMPLICIT_RETAIN_SELF = YES;
				CLANG_WARN_OBJC_LITERAL_CONVERSION = YES;
				CLANG_WARN_OBJC_ROOT_CLASS = YES_ERROR;
				CLANG_WARN_QUOTED_INCLUDE_IN_FRAMEWORK_HEADER = YES;
				CLANG_WARN_RANGE_LOOP_ANALYSIS = YES;
				CLANG_WARN_STRICT_PROTOTYPES = YES;
				CLANG_WARN_SUSPICIOUS_MOVE = YES;
				CLANG_WARN_UNGUARDED_AVAILABILITY = YES_AGGRESSIVE;
				CLANG_WARN_UNREACHABLE_CODE = YES;
				CLANG_WARN__DUPLICATE_METHOD_MATCH = YES;
				COPY_PHASE_STRIP = NO;
				DEBUG_INFORMATION_FORMAT = dwarf;
				ENABLE_STRICT_OBJC_MSGSEND = YES;
				ENABLE_TESTABILITY = YES;
				GCC_C_LANGUAGE_STANDARD = gnu11;
				GCC_DYNAMIC_NO_PIC = NO;
				GCC_NO_COMMON_BLOCKS = YES;
				GCC_OPTIMIZATION_LEVEL = 0;
				GCC_PREPROCESSOR_DEFINITIONS = (
					"DEBUG=1",
					"$(inherited)",
				);
				GCC_WARN_64_TO_32_BIT_CONVERSION = YES;
				GCC_WARN_ABOUT_RETURN_TYPE = YES_ERROR;
				GCC_WARN_UNDECLARED_SELECTOR = YES;
				GCC_WARN_UNINITIALIZED_AUTOS = YES_AGGRESSIVE;
				GCC_WARN_UNUSED_FUNCTION = YES;
				GCC_WARN_UNUSED_VARIABLE = YES;
				IPHONEOS_DEPLOYMENT_TARGET = 16.1;
				MTL_ENABLE_DEBUG_INFO = INCLUDE_SOURCE;
				MTL_FAST_MATH = YES;
				ONLY_ACTIVE_ARCH = YES;
				SDKROOT = iphoneos;
				SWIFT_ACTIVE_COMPILATION_CONDITIONS = DEBUG;
				SWIFT_OPTIMIZATION_LEVEL = "-Onone";
			};
			name = Debug;
		};
		849AB7642D08CBAF0015BA3E /* Release */ = {
			isa = XCBuildConfiguration;
			buildSettings = {
				ALWAYS_SEARCH_USER_PATHS = NO;
				CLANG_ANALYZER_NONNULL = YES;
				CLANG_ANALYZER_NUMBER_OBJECT_CONVERSION = YES_AGGRESSIVE;
				CLANG_CXX_LANGUAGE_STANDARD = "gnu++20";
				CLANG_ENABLE_MODULES = YES;
				CLANG_ENABLE_OBJC_ARC = YES;
				CLANG_ENABLE_OBJC_WEAK = YES;
				CLANG_WARN_BLOCK_CAPTURE_AUTORELEASING = YES;
				CLANG_WARN_BOOL_CONVERSION = YES;
				CLANG_WARN_COMMA = YES;
				CLANG_WARN_CONSTANT_CONVERSION = YES;
				CLANG_WARN_DEPRECATED_OBJC_IMPLEMENTATIONS = YES;
				CLANG_WARN_DIRECT_OBJC_ISA_USAGE = YES_ERROR;
				CLANG_WARN_DOCUMENTATION_COMMENTS = YES;
				CLANG_WARN_EMPTY_BODY = YES;
				CLANG_WARN_ENUM_CONVERSION = YES;
				CLANG_WARN_INFINITE_RECURSION = YES;
				CLANG_WARN_INT_CONVERSION = YES;
				CLANG_WARN_NON_LITERAL_NULL_CONVERSION = YES;
				CLANG_WARN_OBJC_IMPLICIT_RETAIN_SELF = YES;
				CLANG_WARN_OBJC_LITERAL_CONVERSION = YES;
				CLANG_WARN_OBJC_ROOT_CLASS = YES_ERROR;
				CLANG_WARN_QUOTED_INCLUDE_IN_FRAMEWORK_HEADER = YES;
				CLANG_WARN_RANGE_LOOP_ANALYSIS = YES;
				CLANG_WARN_STRICT_PROTOTYPES = YES;
				CLANG_WARN_SUSPICIOUS_MOVE = YES;
				CLANG_WARN_UNGUARDED_AVAILABILITY = YES_AGGRESSIVE;
				CLANG_WARN_UNREACHABLE_CODE = YES;
				CLANG_WARN__DUPLICATE_METHOD_MATCH = YES;
				COPY_PHASE_STRIP = NO;
				DEBUG_INFORMATION_FORMAT = "dwarf-with-dsym";
				ENABLE_NS_ASSERTIONS = NO;
				ENABLE_STRICT_OBJC_MSGSEND = YES;
				GCC_C_LANGUAGE_STANDARD = gnu11;
				GCC_NO_COMMON_BLOCKS = YES;
				GCC_WARN_64_TO_32_BIT_CONVERSION = YES;
				GCC_WARN_ABOUT_RETURN_TYPE = YES_ERROR;
				GCC_WARN_UNDECLARED_SELECTOR = YES;
				GCC_WARN_UNINITIALIZED_AUTOS = YES_AGGRESSIVE;
				GCC_WARN_UNUSED_FUNCTION = YES;
				GCC_WARN_UNUSED_VARIABLE = YES;
				IPHONEOS_DEPLOYMENT_TARGET = 16.1;
				MTL_ENABLE_DEBUG_INFO = NO;
				MTL_FAST_MATH = YES;
				SDKROOT = iphoneos;
				SWIFT_COMPILATION_MODE = wholemodule;
				SWIFT_OPTIMIZATION_LEVEL = "-O";
				VALIDATE_PRODUCT = YES;
			};
			name = Release;
		};
		849AB7662D08CBAF0015BA3E /* Debug */ = {
			isa = XCBuildConfiguration;
			buildSettings = {
				ASSETCATALOG_COMPILER_APPICON_NAME = AppIcon;
				ASSETCATALOG_COMPILER_GLOBAL_ACCENT_COLOR_NAME = AccentColor;
				CODE_SIGN_STYLE = Automatic;
				CURRENT_PROJECT_VERSION = 1;
				GENERATE_INFOPLIST_FILE = YES;
				INFOPLIST_FILE = "App rocketseat/Info.plist";
				INFOPLIST_KEY_UIApplicationSupportsIndirectInputEvents = YES;
				INFOPLIST_KEY_UILaunchScreen_Generation = YES;
				INFOPLIST_KEY_UISupportedInterfaceOrientations_iPad = "UIInterfaceOrientationPortrait UIInterfaceOrientationPortraitUpsideDown UIInterfaceOrientationLandscapeLeft UIInterfaceOrientationLandscapeRight";
				INFOPLIST_KEY_UISupportedInterfaceOrientations_iPhone = "UIInterfaceOrientationPortrait UIInterfaceOrientationLandscapeLeft UIInterfaceOrientationLandscapeRight";
				LD_RUNPATH_SEARCH_PATHS = (
					"$(inherited)",
					"@executable_path/Frameworks",
				);
				MARKETING_VERSION = 1.0;
				PRODUCT_BUNDLE_IDENTIFIER = "karina.App-rocketseat";
				PRODUCT_NAME = "$(TARGET_NAME)";
				SWIFT_EMIT_LOC_STRINGS = YES;
				SWIFT_VERSION = 5.0;
				TARGETED_DEVICE_FAMILY = "1,2";
			};
			name = Debug;
		};
		849AB7672D08CBAF0015BA3E /* Release */ = {
			isa = XCBuildConfiguration;
			buildSettings = {
				ASSETCATALOG_COMPILER_APPICON_NAME = AppIcon;
				ASSETCATALOG_COMPILER_GLOBAL_ACCENT_COLOR_NAME = AccentColor;
				CODE_SIGN_STYLE = Automatic;
				CURRENT_PROJECT_VERSION = 1;
				GENERATE_INFOPLIST_FILE = YES;
				INFOPLIST_FILE = "App rocketseat/Info.plist";
				INFOPLIST_KEY_UIApplicationSupportsIndirectInputEvents = YES;
				INFOPLIST_KEY_UILaunchScreen_Generation = YES;
				INFOPLIST_KEY_UISupportedInterfaceOrientations_iPad = "UIInterfaceOrientationPortrait UIInterfaceOrientationPortraitUpsideDown UIInterfaceOrientationLandscapeLeft UIInterfaceOrientationLandscapeRight";
				INFOPLIST_KEY_UISupportedInterfaceOrientations_iPhone = "UIInterfaceOrientationPortrait UIInterfaceOrientationLandscapeLeft UIInterfaceOrientationLandscapeRight";
				LD_RUNPATH_SEARCH_PATHS = (
					"$(inherited)",
					"@executable_path/Frameworks",
				);
				MARKETING_VERSION = 1.0;
				PRODUCT_BUNDLE_IDENTIFIER = "karina.App-rocketseat";
				PRODUCT_NAME = "$(TARGET_NAME)";
				SWIFT_EMIT_LOC_STRINGS = YES;
				SWIFT_VERSION = 5.0;
				TARGETED_DEVICE_FAMILY = "1,2";
			};
			name = Release;
		};
/* End XCBuildConfiguration section */

/* Begin XCConfigurationList section */
		849AB74C2D08CBAB0015BA3E /* Build configuration list for PBXProject "App rocketseat" */ = {
			isa = XCConfigurationList;
			buildConfigurations = (
				849AB7632D08CBAF0015BA3E /* Debug */,
				849AB7642D08CBAF0015BA3E /* Release */,
			);
			defaultConfigurationIsVisible = 0;
			defaultConfigurationName = Release;
		};
		849AB7652D08CBAF0015BA3E /* Build configuration list for PBXNativeTarget "App rocketseat" */ = {
			isa = XCConfigurationList;
			buildConfigurations = (
				849AB7662D08CBAF0015BA3E /* Debug */,
				849AB7672D08CBAF0015BA3E /* Release */,
			);
			defaultConfigurationIsVisible = 0;
			defaultConfigurationName = Release;
		};
/* End XCConfigurationList section */
	};
	rootObject = 849AB7492D08CBAB0015BA3E /* Project object */;
}
